
Microsoft Visual Studio Solution File, Format Version 12.00
# Visual Studio 15
VisualStudioVersion = 15.0.28010.2048
MinimumVisualStudioVersion = 10.0.40219.1
Project("{8BC9CEB8-8B4A-11D0-8D11-00A0C91BC942}") = "CppPrimerProject", "CppPrimerProject\CppPrimerProject.vcxproj", "{9AE32926-D59A-4BFE-B89D-823A5EDB4964}"
EndProject
Global
	GlobalSection(SolutionConfigurationPlatforms) = preSolution
		Debug|x64 = Debug|x64
		Debug|x86 = Debug|x86
		Release|x64 = Release|x64
		Release|x86 = Release|x86
	EndGlobalSection
	GlobalSection(ProjectConfigurationPlatforms) = postSolution
		{9AE32926-D59A-4BFE-B89D-823A5EDB4964}.Debug|x64.ActiveCfg = Debug|x64
		{9AE32926-D59A-4BFE-B89D-823A5EDB4964}.Debug|x64.Build.0 = Debug|x64
		{9AE32926-D59A-4BFE-B89D-823A5EDB4964}.Debug|x86.ActiveCfg = Debug|Win32
		{9AE32926-D59A-4BFE-B89D-823A5EDB4964}.Debug|x86.Build.0 = Debug|Win32
		{9AE32926-D59A-4BFE-B89D-823A5EDB4964}.Release|x64.ActiveCfg = Release|x64
		{9AE32926-D59A-4BFE-B89D-823A5EDB4964}.Release|x64.Build.0 = Release|x64
		{9AE32926-D59A-4BFE-B89D-823A5EDB4964}.Release|x86.ActiveCfg = Release|Win32
		{9AE32926-D59A-4BFE-B89D-823A5EDB4964}.Release|x86.Build.0 = Release|Win32
	EndGlobalSection
	GlobalSection(SolutionProperties) = preSolution
		HideSolutionNode = FALSE
	EndGlobalSection
	GlobalSection(ExtensibilityGlobals) = postSolution
		SolutionGuid = {93104640-5DDA-4C1A-8762-EA7B7ECB7A28}
	EndGlobalSection
EndGlobal
